
Microsoft Visual Studio Solution File, Format Version 12.00
# Visual Studio Version 16
VisualStudioVersion = 16.0.29306.81
MinimumVisualStudioVersion = 10.0.40219.1
Project("{FAE04EC0-301F-11D3-BF4B-00C04F79EFBC}") = "梁若为_2", "梁若为_2\梁若为_2.csproj", "{BBB09963-3211-4D69-B027-F3BECA57D2EC}"
EndProject
Global
	GlobalSection(SolutionConfigurationPlatforms) = preSolution
		Debug|Any CPU = Debug|Any CPU
		Release|Any CPU = Release|Any CPU
	EndGlobalSection
	GlobalSection(ProjectConfigurationPlatforms) = postSolution
		{BBB09963-3211-4D69-B027-F3BECA57D2EC}.Debug|Any CPU.ActiveCfg = Debug|Any CPU
		{BBB09963-3211-4D69-B027-F3BECA57D2EC}.Debug|Any CPU.Build.0 = Debug|Any CPU
		{BBB09963-3211-4D69-B027-F3BECA57D2EC}.Release|Any CPU.ActiveCfg = Release|Any CPU
		{BBB09963-3211-4D69-B027-F3BECA57D2EC}.Release|Any CPU.Build.0 = Release|Any CPU
	EndGlobalSection
	GlobalSection(SolutionProperties) = preSolution
		HideSolutionNode = FALSE
	EndGlobalSection
	GlobalSection(ExtensibilityGlobals) = postSolution
		SolutionGuid = {565B2717-5F82-49EF-9DFE-E30CBDE994C7}
	EndGlobalSection
EndGlobal
